
Microsoft Visual Studio Solution File, Format Version 12.00
# Visual Studio Version 16
VisualStudioVersion = 16.0.31220.234
MinimumVisualStudioVersion = 10.0.40219.1
Project("{9A19103F-16F7-4668-BE54-9A1E7A4F7556}") = "cdays21.maui", "cdays21.maui\cdays21.maui.csproj", "{9426D50B-34F1-4625-81FE-0DB897FE46C6}"
EndProject
Project("{9A19103F-16F7-4668-BE54-9A1E7A4F7556}") = "cdays21.maui.WinUI", "cdays21.maui.WinUI\cdays21.maui.WinUI.csproj", "{0B352E0C-0210-4DAE-BAD9-7F1BC32C0339}"
EndProject
Project("{9A19103F-16F7-4668-BE54-9A1E7A4F7556}") = "cdays21.lib", "lib\cdays21.lib.csproj", "{857DE7CD-801D-4651-A803-0EEDFE3E3F23}"
EndProject
Project("{9A19103F-16F7-4668-BE54-9A1E7A4F7556}") = "cdays21.lib2", "lib2\cdays21.lib2.csproj", "{CDC1CFFF-6E4D-4A50-8804-584A590F1811}"
EndProject
Project("{9A19103F-16F7-4668-BE54-9A1E7A4F7556}") = "cdays21.blzsrv", "blzsrv\cdays21.blzsrv.csproj", "{3C60F5DD-6610-4AD2-90DE-42E530368491}"
EndProject
Project("{9A19103F-16F7-4668-BE54-9A1E7A4F7556}") = "cdays21.electron", "electron\cdays21.electron.csproj", "{FC18CC68-E16C-4590-B2E0-66529C9A8993}"
EndProject
Project("{9A19103F-16F7-4668-BE54-9A1E7A4F7556}") = "cdays21.wasm", "wasm\cdays21.wasm.csproj", "{0EDC300B-6082-4A38-A2A2-EFC9EE0386B8}"
EndProject
Project("{9A19103F-16F7-4668-BE54-9A1E7A4F7556}") = "cdays21.winforms", "winforms\cdays21.winforms.csproj", "{2578D44F-4687-4E78-855B-32891A2DDA23}"
EndProject
Project("{9A19103F-16F7-4668-BE54-9A1E7A4F7556}") = "cdays21.wpf", "wpf\cdays21.wpf.csproj", "{CA6B6CC3-BA22-40EC-BB39-1B5E14A91BBC}"
EndProject
Global
	GlobalSection(SolutionConfigurationPlatforms) = preSolution
		Debug|Any CPU = Debug|Any CPU
		Release|Any CPU = Release|Any CPU
	EndGlobalSection
	GlobalSection(ProjectConfigurationPlatforms) = postSolution
		{9426D50B-34F1-4625-81FE-0DB897FE46C6}.Debug|Any CPU.ActiveCfg = Debug|Any CPU
		{9426D50B-34F1-4625-81FE-0DB897FE46C6}.Debug|Any CPU.Build.0 = Debug|Any CPU
		{9426D50B-34F1-4625-81FE-0DB897FE46C6}.Debug|Any CPU.Deploy.0 = Debug|Any CPU
		{9426D50B-34F1-4625-81FE-0DB897FE46C6}.Release|Any CPU.ActiveCfg = Release|Any CPU
		{9426D50B-34F1-4625-81FE-0DB897FE46C6}.Release|Any CPU.Build.0 = Release|Any CPU
		{9426D50B-34F1-4625-81FE-0DB897FE46C6}.Release|Any CPU.Deploy.0 = Release|Any CPU
		{0B352E0C-0210-4DAE-BAD9-7F1BC32C0339}.Debug|Any CPU.ActiveCfg = Debug|Any CPU
		{0B352E0C-0210-4DAE-BAD9-7F1BC32C0339}.Debug|Any CPU.Build.0 = Debug|Any CPU
		{0B352E0C-0210-4DAE-BAD9-7F1BC32C0339}.Debug|Any CPU.Deploy.0 = Debug|Any CPU
		{0B352E0C-0210-4DAE-BAD9-7F1BC32C0339}.Release|Any CPU.ActiveCfg = Release|Any CPU
		{0B352E0C-0210-4DAE-BAD9-7F1BC32C0339}.Release|Any CPU.Build.0 = Release|Any CPU
		{0B352E0C-0210-4DAE-BAD9-7F1BC32C0339}.Release|Any CPU.Deploy.0 = Release|Any CPU
		{857DE7CD-801D-4651-A803-0EEDFE3E3F23}.Debug|Any CPU.ActiveCfg = Debug|Any CPU
		{857DE7CD-801D-4651-A803-0EEDFE3E3F23}.Debug|Any CPU.Build.0 = Debug|Any CPU
		{857DE7CD-801D-4651-A803-0EEDFE3E3F23}.Release|Any CPU.ActiveCfg = Release|Any CPU
		{857DE7CD-801D-4651-A803-0EEDFE3E3F23}.Release|Any CPU.Build.0 = Release|Any CPU
		{CDC1CFFF-6E4D-4A50-8804-584A590F1811}.Debug|Any CPU.ActiveCfg = Debug|Any CPU
		{CDC1CFFF-6E4D-4A50-8804-584A590F1811}.Debug|Any CPU.Build.0 = Debug|Any CPU
		{CDC1CFFF-6E4D-4A50-8804-584A590F1811}.Release|Any CPU.ActiveCfg = Release|Any CPU
		{CDC1CFFF-6E4D-4A50-8804-584A590F1811}.Release|Any CPU.Build.0 = Release|Any CPU
		{3C60F5DD-6610-4AD2-90DE-42E530368491}.Debug|Any CPU.ActiveCfg = Debug|Any CPU
		{3C60F5DD-6610-4AD2-90DE-42E530368491}.Debug|Any CPU.Build.0 = Debug|Any CPU
		{3C60F5DD-6610-4AD2-90DE-42E530368491}.Release|Any CPU.ActiveCfg = Release|Any CPU
		{3C60F5DD-6610-4AD2-90DE-42E530368491}.Release|Any CPU.Build.0 = Release|Any CPU
		{FC18CC68-E16C-4590-B2E0-66529C9A8993}.Debug|Any CPU.ActiveCfg = Debug|Any CPU
		{FC18CC68-E16C-4590-B2E0-66529C9A8993}.Debug|Any CPU.Build.0 = Debug|Any CPU
		{FC18CC68-E16C-4590-B2E0-66529C9A8993}.Release|Any CPU.ActiveCfg = Release|Any CPU
		{FC18CC68-E16C-4590-B2E0-66529C9A8993}.Release|Any CPU.Build.0 = Release|Any CPU
		{0EDC300B-6082-4A38-A2A2-EFC9EE0386B8}.Debug|Any CPU.ActiveCfg = Debug|Any CPU
		{0EDC300B-6082-4A38-A2A2-EFC9EE0386B8}.Debug|Any CPU.Build.0 = Debug|Any CPU
		{0EDC300B-6082-4A38-A2A2-EFC9EE0386B8}.Release|Any CPU.ActiveCfg = Release|Any CPU
		{0EDC300B-6082-4A38-A2A2-EFC9EE0386B8}.Release|Any CPU.Build.0 = Release|Any CPU
		{2578D44F-4687-4E78-855B-32891A2DDA23}.Debug|Any CPU.ActiveCfg = Debug|Any CPU
		{2578D44F-4687-4E78-855B-32891A2DDA23}.Debug|Any CPU.Build.0 = Debug|Any CPU
		{2578D44F-4687-4E78-855B-32891A2DDA23}.Release|Any CPU.ActiveCfg = Release|Any CPU
		{2578D44F-4687-4E78-855B-32891A2DDA23}.Release|Any CPU.Build.0 = Release|Any CPU
		{CA6B6CC3-BA22-40EC-BB39-1B5E14A91BBC}.Debug|Any CPU.ActiveCfg = Debug|Any CPU
		{CA6B6CC3-BA22-40EC-BB39-1B5E14A91BBC}.Debug|Any CPU.Build.0 = Debug|Any CPU
		{CA6B6CC3-BA22-40EC-BB39-1B5E14A91BBC}.Release|Any CPU.ActiveCfg = Release|Any CPU
		{CA6B6CC3-BA22-40EC-BB39-1B5E14A91BBC}.Release|Any CPU.Build.0 = Release|Any CPU
	EndGlobalSection
	GlobalSection(SolutionProperties) = preSolution
		HideSolutionNode = FALSE
	EndGlobalSection
	GlobalSection(ExtensibilityGlobals) = postSolution
		SolutionGuid = {61F7FB11-1E47-470C-91E2-47F8143E1572}
	EndGlobalSection
EndGlobal
